
Microsoft Visual Studio Solution File, Format Version 12.00
# Visual Studio Version 16
VisualStudioVersion = 16.0.28527.54
MinimumVisualStudioVersion = 15.0.26124.0
Project("{2150E333-8FDC-42A3-9474-1A3956D46DE8}") = "src", "src", "{6A8A2F4B-41C5-4B86-8DE1-BB2F0DD30CE3}"
EndProject
Project("{FAE04EC0-301F-11D3-BF4B-00C04F79EFBC}") = "PEditor", "src\PEditor\PEditor.csproj", "{41416783-179F-4117-A95B-DAAF6DD0B144}"
EndProject
Project("{9A19103F-16F7-4668-BE54-9A1E7A4F7556}") = "PeNet", "PeNet\src\PeNet\PeNet.csproj", "{737F09AF-FC6D-41C7-AD91-7728728981B3}"
EndProject
Project("{2150E333-8FDC-42A3-9474-1A3956D46DE8}") = "Solution Items", "Solution Items", "{23A9EB27-0A4C-484E-A53E-55D242B244BA}"
	ProjectSection(SolutionItems) = preProject
		.gitignore = .gitignore
		.gitmodules = .gitmodules
		build.cake = build.cake
		LICENSE = LICENSE
		README.md = README.md
	EndProjectSection
EndProject
Global
	GlobalSection(SolutionConfigurationPlatforms) = preSolution
		Debug|Any CPU = Debug|Any CPU
		Debug|x64 = Debug|x64
		Debug|x86 = Debug|x86
		Release|Any CPU = Release|Any CPU
		Release|x64 = Release|x64
		Release|x86 = Release|x86
	EndGlobalSection
	GlobalSection(ProjectConfigurationPlatforms) = postSolution
		{41416783-179F-4117-A95B-DAAF6DD0B144}.Debug|Any CPU.ActiveCfg = Debug|Any CPU
		{41416783-179F-4117-A95B-DAAF6DD0B144}.Debug|Any CPU.Build.0 = Debug|Any CPU
		{41416783-179F-4117-A95B-DAAF6DD0B144}.Debug|x64.ActiveCfg = Debug|Any CPU
		{41416783-179F-4117-A95B-DAAF6DD0B144}.Debug|x64.Build.0 = Debug|Any CPU
		{41416783-179F-4117-A95B-DAAF6DD0B144}.Debug|x86.ActiveCfg = Debug|Any CPU
		{41416783-179F-4117-A95B-DAAF6DD0B144}.Debug|x86.Build.0 = Debug|Any CPU
		{41416783-179F-4117-A95B-DAAF6DD0B144}.Release|Any CPU.ActiveCfg = Debug|Any CPU
		{41416783-179F-4117-A95B-DAAF6DD0B144}.Release|Any CPU.Build.0 = Debug|Any CPU
		{41416783-179F-4117-A95B-DAAF6DD0B144}.Release|x64.ActiveCfg = Debug|Any CPU
		{41416783-179F-4117-A95B-DAAF6DD0B144}.Release|x64.Build.0 = Debug|Any CPU
		{41416783-179F-4117-A95B-DAAF6DD0B144}.Release|x86.ActiveCfg = Debug|Any CPU
		{41416783-179F-4117-A95B-DAAF6DD0B144}.Release|x86.Build.0 = Debug|Any CPU
		{737F09AF-FC6D-41C7-AD91-7728728981B3}.Debug|Any CPU.ActiveCfg = Debug|Any CPU
		{737F09AF-FC6D-41C7-AD91-7728728981B3}.Debug|Any CPU.Build.0 = Debug|Any CPU
		{737F09AF-FC6D-41C7-AD91-7728728981B3}.Debug|x64.ActiveCfg = Debug|Any CPU
		{737F09AF-FC6D-41C7-AD91-7728728981B3}.Debug|x64.Build.0 = Debug|Any CPU
		{737F09AF-FC6D-41C7-AD91-7728728981B3}.Debug|x86.ActiveCfg = Debug|Any CPU
		{737F09AF-FC6D-41C7-AD91-7728728981B3}.Debug|x86.Build.0 = Debug|Any CPU
		{737F09AF-FC6D-41C7-AD91-7728728981B3}.Release|Any CPU.ActiveCfg = Release|Any CPU
		{737F09AF-FC6D-41C7-AD91-7728728981B3}.Release|Any CPU.Build.0 = Release|Any CPU
		{737F09AF-FC6D-41C7-AD91-7728728981B3}.Release|x64.ActiveCfg = Release|Any CPU
		{737F09AF-FC6D-41C7-AD91-7728728981B3}.Release|x64.Build.0 = Release|Any CPU
		{737F09AF-FC6D-41C7-AD91-7728728981B3}.Release|x86.ActiveCfg = Release|Any CPU
		{737F09AF-FC6D-41C7-AD91-7728728981B3}.Release|x86.Build.0 = Release|Any CPU
	EndGlobalSection
	GlobalSection(SolutionProperties) = preSolution
		HideSolutionNode = FALSE
	EndGlobalSection
	GlobalSection(NestedProjects) = preSolution
		{41416783-179F-4117-A95B-DAAF6DD0B144} = {6A8A2F4B-41C5-4B86-8DE1-BB2F0DD30CE3}
		{737F09AF-FC6D-41C7-AD91-7728728981B3} = {6A8A2F4B-41C5-4B86-8DE1-BB2F0DD30CE3}
	EndGlobalSection
	GlobalSection(ExtensibilityGlobals) = postSolution
		SolutionGuid = {B14511D4-B091-41D1-B07D-3ED59C0E51BA}
	EndGlobalSection
EndGlobal
